
Microsoft Visual Studio Solution File, Format Version 12.00
# Visual Studio Version 16
VisualStudioVersion = 16.0.31424.327
MinimumVisualStudioVersion = 10.0.40219.1
Project("{9A19103F-16F7-4668-BE54-9A1E7A4F7556}") = "HelloASPDotNet", "HelloASPDotNet.csproj", "{488CD042-3F7E-4DD5-8D81-D6BCE1FAF93D}"
EndProject
Global
	GlobalSection(SolutionConfigurationPlatforms) = preSolution
		Debug|Any CPU = Debug|Any CPU
		Release|Any CPU = Release|Any CPU
	EndGlobalSection
	GlobalSection(ProjectConfigurationPlatforms) = postSolution
		{488CD042-3F7E-4DD5-8D81-D6BCE1FAF93D}.Debug|Any CPU.ActiveCfg = Debug|Any CPU
		{488CD042-3F7E-4DD5-8D81-D6BCE1FAF93D}.Debug|Any CPU.Build.0 = Debug|Any CPU
		{488CD042-3F7E-4DD5-8D81-D6BCE1FAF93D}.Release|Any CPU.ActiveCfg = Release|Any CPU
		{488CD042-3F7E-4DD5-8D81-D6BCE1FAF93D}.Release|Any CPU.Build.0 = Release|Any CPU
	EndGlobalSection
	GlobalSection(SolutionProperties) = preSolution
		HideSolutionNode = FALSE
	EndGlobalSection
	GlobalSection(ExtensibilityGlobals) = postSolution
		SolutionGuid = {5A9DDECB-3431-4911-9096-E2B31E380485}
	EndGlobalSection
EndGlobal
